
Microsoft Visual Studio Solution File, Format Version 12.00
# Visual Studio 15
VisualStudioVersion = 15.0.28307.902
MinimumVisualStudioVersion = 10.0.40219.1
Project("{FAE04EC0-301F-11D3-BF4B-00C04F79EFBC}") = "EdltoExl", "EdltoExl\EdltoExl.csproj", "{C123866E-DE26-4E71-826B-D1B12D64D0CF}"
EndProject
Global
	GlobalSection(SolutionConfigurationPlatforms) = preSolution
		Debug|Any CPU = Debug|Any CPU
		Release|Any CPU = Release|Any CPU
	EndGlobalSection
	GlobalSection(ProjectConfigurationPlatforms) = postSolution
		{C123866E-DE26-4E71-826B-D1B12D64D0CF}.Debug|Any CPU.ActiveCfg = Debug|Any CPU
		{C123866E-DE26-4E71-826B-D1B12D64D0CF}.Debug|Any CPU.Build.0 = Debug|Any CPU
		{C123866E-DE26-4E71-826B-D1B12D64D0CF}.Release|Any CPU.ActiveCfg = Release|Any CPU
		{C123866E-DE26-4E71-826B-D1B12D64D0CF}.Release|Any CPU.Build.0 = Release|Any CPU
	EndGlobalSection
	GlobalSection(SolutionProperties) = preSolution
		HideSolutionNode = FALSE
	EndGlobalSection
	GlobalSection(ExtensibilityGlobals) = postSolution
		SolutionGuid = {89250850-069A-4F41-94E5-BCD3E98F574B}
	EndGlobalSection
EndGlobal
